
Microsoft Visual Studio Solution File, Format Version 12.00
# Visual Studio Version 16
VisualStudioVersion = 16.0.30413.136
MinimumVisualStudioVersion = 10.0.40219.1
Project("{FAE04EC0-301F-11D3-BF4B-00C04F79EFBC}") = "MoniteerServer", "MoniteerServer\MoniteerServer.csproj", "{289CC70E-A554-4CA9-93BD-BA49B9483DA5}"
EndProject
Project("{FAE04EC0-301F-11D3-BF4B-00C04F79EFBC}") = "MoniteerClient", "MoniteerClient\MoniteerClient.csproj", "{5F3789AA-BE8B-4247-A4A9-3B27D8DF8119}"
EndProject
Project("{FAE04EC0-301F-11D3-BF4B-00C04F79EFBC}") = "MoniteerLib", "MoniteerLib\MoniteerLib.csproj", "{64B9E9A9-945B-420C-873C-05BB4B827BEC}"
EndProject
Project("{FAE04EC0-301F-11D3-BF4B-00C04F79EFBC}") = "MoniteerConsole", "MoniteerConsole\MoniteerConsole.csproj", "{D2C8D0FF-F374-4BCD-BEE1-65A937C87558}"
EndProject
Global
	GlobalSection(SolutionConfigurationPlatforms) = preSolution
		Debug|Any CPU = Debug|Any CPU
		Release|Any CPU = Release|Any CPU
	EndGlobalSection
	GlobalSection(ProjectConfigurationPlatforms) = postSolution
		{289CC70E-A554-4CA9-93BD-BA49B9483DA5}.Debug|Any CPU.ActiveCfg = Debug|Any CPU
		{289CC70E-A554-4CA9-93BD-BA49B9483DA5}.Debug|Any CPU.Build.0 = Debug|Any CPU
		{289CC70E-A554-4CA9-93BD-BA49B9483DA5}.Release|Any CPU.ActiveCfg = Release|Any CPU
		{289CC70E-A554-4CA9-93BD-BA49B9483DA5}.Release|Any CPU.Build.0 = Release|Any CPU
		{5F3789AA-BE8B-4247-A4A9-3B27D8DF8119}.Debug|Any CPU.ActiveCfg = Debug|Any CPU
		{5F3789AA-BE8B-4247-A4A9-3B27D8DF8119}.Debug|Any CPU.Build.0 = Debug|Any CPU
		{5F3789AA-BE8B-4247-A4A9-3B27D8DF8119}.Release|Any CPU.ActiveCfg = Release|Any CPU
		{5F3789AA-BE8B-4247-A4A9-3B27D8DF8119}.Release|Any CPU.Build.0 = Release|Any CPU
		{64B9E9A9-945B-420C-873C-05BB4B827BEC}.Debug|Any CPU.ActiveCfg = Debug|Any CPU
		{64B9E9A9-945B-420C-873C-05BB4B827BEC}.Debug|Any CPU.Build.0 = Debug|Any CPU
		{64B9E9A9-945B-420C-873C-05BB4B827BEC}.Release|Any CPU.ActiveCfg = Release|Any CPU
		{64B9E9A9-945B-420C-873C-05BB4B827BEC}.Release|Any CPU.Build.0 = Release|Any CPU
		{D2C8D0FF-F374-4BCD-BEE1-65A937C87558}.Debug|Any CPU.ActiveCfg = Debug|Any CPU
		{D2C8D0FF-F374-4BCD-BEE1-65A937C87558}.Debug|Any CPU.Build.0 = Debug|Any CPU
		{D2C8D0FF-F374-4BCD-BEE1-65A937C87558}.Release|Any CPU.ActiveCfg = Release|Any CPU
		{D2C8D0FF-F374-4BCD-BEE1-65A937C87558}.Release|Any CPU.Build.0 = Release|Any CPU
	EndGlobalSection
	GlobalSection(SolutionProperties) = preSolution
		HideSolutionNode = FALSE
	EndGlobalSection
	GlobalSection(ExtensibilityGlobals) = postSolution
		SolutionGuid = {C4DCED24-AD43-44C9-AA25-381F69EDDA03}
	EndGlobalSection
EndGlobal
